// !$*UTF8*$!
{
	archiveVersion = 1;
	classes = {
	};
	objectVersion = 46;
	objects = {

/* Begin PBXBuildFile section */
		8600A2221C441297008B8B59 /* AppDelegate.m in Sources */ = {isa = PBXBuildFile; fileRef = 8600A2181C441297008B8B59 /* AppDelegate.m */; };
		8600A2231C441297008B8B59 /* Assets.xcassets in Resources */ = {isa = PBXBuildFile; fileRef = 8600A2191C441297008B8B59 /* Assets.xcassets */; };
		8600A2241C441297008B8B59 /* LaunchScreen.storyboard in Resources */ = {isa = PBXBuildFile; fileRef = 8600A21A1C441297008B8B59 /* LaunchScreen.storyboard */; };
		8600A2251C441297008B8B59 /* Main.storyboard in Resources */ = {isa = PBXBuildFile; fileRef = 8600A21C1C441297008B8B59 /* Main.storyboard */; };
		8600A2271C441297008B8B59 /* main.m in Sources */ = {isa = PBXBuildFile; fileRef = 8600A21F1C441297008B8B59 /* main.m */; };
		8600A2281C441297008B8B59 /* RootViewController.m in Sources */ = {isa = PBXBuildFile; fileRef = 8600A2211C441297008B8B59 /* RootViewController.m */; };
/* End PBXBuildFile section */

/* Begin PBXFileReference section */
		8600A2171C441297008B8B59 /* AppDelegate.h */ = {isa = PBXFileReference; fileEncoding = 4; lastKnownFileType = sourcecode.c.h; path = AppDelegate.h; sourceTree = "<group>"; };
		8600A2181C441297008B8B59 /* AppDelegate.m */ = {isa = PBXFileReference; fileEncoding = 4; lastKnownFileType = sourcecode.c.objc; path = AppDelegate.m; sourceTree = "<group>"; };
		8600A2191C441297008B8B59 /* Assets.xcassets */ = {isa = PBXFileReference; lastKnownFileType = folder.assetcatalog; path = Assets.xcassets; sourceTree = "<group>"; };
		8600A21B1C441297008B8B59 /* Base */ = {isa = PBXFileReference; lastKnownFileType = file.storyboard; name = Base; path = Base.lproj/LaunchScreen.storyboard; sourceTree = "<group>"; };
		8600A21D1C441297008B8B59 /* Base */ = {isa = PBXFileReference; lastKnownFileType = file.storyboard; name = Base; path = Base.lproj/Main.storyboard; sourceTree = "<group>"; };
		8600A21E1C441297008B8B59 /* Info.plist */ = {isa = PBXFileReference; fileEncoding = 4; lastKnownFileType = text.plist.xml; path = Info.plist; sourceTree = "<group>"; };
		8600A21F1C441297008B8B59 /* main.m */ = {isa = PBXFileReference; fileEncoding = 4; lastKnownFileType = sourcecode.c.objc; path = main.m; sourceTree = "<group>"; };
		8600A2201C441297008B8B59 /* RootViewController.h */ = {isa = PBXFileReference; fileEncoding = 4; lastKnownFileType = sourcecode.c.h; path = RootViewController.h; sourceTree = "<group>"; };
		8600A2211C441297008B8B59 /* RootViewController.m */ = {isa = PBXFileReference; fileEncoding = 4; lastKnownFileType = sourcecode.c.objc; path = RootViewController.m; sourceTree = "<group>"; };
		864E747F1C436AAF00BF0EE3 /* MultiViewsInScrollerView.app */ = {isa = PBXFileReference; explicitFileType = wrapper.application; includeInIndex = 0; path = MultiViewsInScrollerView.app; sourceTree = BUILT_PRODUCTS_DIR; };
/* End PBXFileReference section */

/* Begin PBXFrameworksBuildPhase section */
		864E747C1C436AAF00BF0EE3 /* Frameworks */ = {
			isa = PBXFrameworksBuildPhase;
			buildActionMask = 2147483647;
			files = (
			);
			runOnlyForDeploymentPostprocessing = 0;
		};
/* End PBXFrameworksBuildPhase section */

/* Begin PBXGroup section */
		8600A2161C441297008B8B59 /* MultiViewsInScrollerView */ = {
			isa = PBXGroup;
			children = (
				8600A2171C441297008B8B59 /* AppDelegate.h */,
				8600A2181C441297008B8B59 /* AppDelegate.m */,
				8600A2191C441297008B8B59 /* Assets.xcassets */,
				8600A21A1C441297008B8B59 /* LaunchScreen.storyboard */,
				8600A21C1C441297008B8B59 /* Main.storyboard */,
				8600A21E1C441297008B8B59 /* Info.plist */,
				8600A21F1C441297008B8B59 /* main.m */,
				8600A2201C441297008B8B59 /* RootViewController.h */,
				8600A2211C441297008B8B59 /* RootViewController.m */,
			);
			path = MultiViewsInScrollerView;
			sourceTree = "<group>";
		};
		864E74761C436AAF00BF0EE3 = {
			isa = PBXGroup;
			children = (
				8600A2161C441297008B8B59 /* MultiViewsInScrollerView */,
				864E74801C436AAF00BF0EE3 /* Products */,
			);
			sourceTree = "<group>";
		};
		864E74801C436AAF00BF0EE3 /* Products */ = {
			isa = PBXGroup;
			children = (
				864E747F1C436AAF00BF0EE3 /* MultiViewsInScrollerView.app */,
			);
			name = Products;
			sourceTree = "<group>";
		};
/* End PBXGroup section */

/* Begin PBXNativeTarget section */
		864E747E1C436AAF00BF0EE3 /* MultiViewsInScrollerView */ = {
			isa = PBXNativeTarget;
			buildConfigurationList = 864E74961C436AAF00BF0EE3 /* Build configuration list for PBXNativeTarget "MultiViewsInScrollerView" */;
			buildPhases = (
				864E747B1C436AAF00BF0EE3 /* Sources */,
				864E747C1C436AAF00BF0EE3 /* Frameworks */,
				864E747D1C436AAF00BF0EE3 /* Resources */,
			);
			buildRules = (
			);
			dependencies = (
			);
			name = MultiViewsInScrollerView;
			productName = MultiViewControllerInScrollerView;
			productReference = 864E747F1C436AAF00BF0EE3 /* MultiViewsInScrollerView.app */;
			productType = "com.apple.product-type.application";
		};
/* End PBXNativeTarget section */

/* Begin PBXProject section */
		864E74771C436AAF00BF0EE3 /* Project object */ = {
			isa = PBXProject;
			attributes = {
				LastUpgradeCheck = 0720;
				ORGANIZATIONNAME = "Arafat Khan";
				TargetAttributes = {
					864E747E1C436AAF00BF0EE3 = {
						CreatedOnToolsVersion = 7.2;
					};
				};
			};
			buildConfigurationList = 864E747A1C436AAF00BF0EE3 /* Build configuration list for PBXProject "MultiViewsInScrollerView" */;
			compatibilityVersion = "Xcode 3.2";
			developmentRegion = English;
			hasScannedForEncodings = 0;
			knownRegions = (
				en,
				Base,
			);
			mainGroup = 864E74761C436AAF00BF0EE3;
			productRefGroup = 864E74801C436AAF00BF0EE3 /* Products */;
			projectDirPath = "";
			projectRoot = "";
			targets = (
				864E747E1C436AAF00BF0EE3 /* MultiViewsInScrollerView */,
			);
		};
/* End PBXProject section */

/* Begin PBXResourcesBuildPhase section */
		864E747D1C436AAF00BF0EE3 /* Resources */ = {
			isa = PBXResourcesBuildPhase;
			buildActionMask = 2147483647;
			files = (
				8600A2251C441297008B8B59 /* Main.storyboard in Resources */,
				8600A2231C441297008B8B59 /* Assets.xcassets in Resources */,
				8600A2241C441297008B8B59 /* LaunchScreen.storyboard in Resources */,
			);
			runOnlyForDeploymentPostprocessing = 0;
		};
/* End PBXResourcesBuildPhase section */

/* Begin PBXSourcesBuildPhase section */
		864E747B1C436AAF00BF0EE3 /* Sources */ = {
			isa = PBXSourcesBuildPhase;
			buildActionMask = 2147483647;
			files = (
				8600A2271C441297008B8B59 /* main.m in Sources */,
				8600A2221C441297008B8B59 /* AppDelegate.m in Sources */,
				8600A2281C441297008B8B59 /* RootViewController.m in Sources */,
			);
			runOnlyForDeploymentPostprocessing = 0;
		};
/* End PBXSourcesBuildPhase section */

/* Begin PBXVariantGroup section */
		8600A21A1C441297008B8B59 /* LaunchScreen.storyboard */ = {
			isa = PBXVariantGroup;
			children = (
				8600A21B1C441297008B8B59 /* Base */,
			);
			name = LaunchScreen.storyboard;
			sourceTree = "<group>";
		};
		8600A21C1C441297008B8B59 /* Main.storyboard */ = {
			isa = PBXVariantGroup;
			children = (
				8600A21D1C441297008B8B59 /* Base */,
			);
			name = Main.storyboard;
			sourceTree = "<group>";
		};
/* End PBXVariantGroup section */

/* Begin XCBuildConfiguration section */
		864E74941C436AAF00BF0EE3 /* Debug */ = {
			isa = XCBuildConfiguration;
			buildSettings = {
				ALWAYS_SEARCH_USER_PATHS = NO;
				CLANG_CXX_LANGUAGE_STANDARD = "gnu++0x";
				CLANG_CXX_LIBRARY = "libc++";
				CLANG_ENABLE_MODULES = YES;
				CLANG_ENABLE_OBJC_ARC = YES;
				CLANG_WARN_BOOL_CONVERSION = YES;
				CLANG_WARN_CONSTANT_CONVERSION = YES;
				CLANG_WARN_DIRECT_OBJC_ISA_USAGE = YES_ERROR;
				CLANG_WARN_EMPTY_BODY = YES;
				CLANG_WARN_ENUM_CONVERSION = YES;
				CLANG_WARN_INT_CONVERSION = YES;
				CLANG_WARN_OBJC_ROOT_CLASS = YES_ERROR;
				CLANG_WARN_UNREACHABLE_CODE = YES;
				CLANG_WARN__DUPLICATE_METHOD_MATCH = YES;
				"CODE_SIGN_IDENTITY[sdk=iphoneos*]" = "iPhone Developer";
				COPY_PHASE_STRIP = NO;
				DEBUG_INFORMATION_FORMAT = dwarf;
				ENABLE_STRICT_OBJC_MSGSEND = YES;
				ENABLE_TESTABILITY = YES;
				GCC_C_LANGUAGE_STANDARD = gnu99;
				GCC_DYNAMIC_NO_PIC = NO;
				GCC_NO_COMMON_BLOCKS = YES;
				GCC_OPTIMIZATION_LEVEL = 0;
				GCC_PREPROCESSOR_DEFINITIONS = (
					"DEBUG=1",
					"$(inherited)",
				);
				GCC_WARN_64_TO_32_BIT_CONVERSION = YES;
				GCC_WARN_ABOUT_RETURN_TYPE = YES_ERROR;
				GCC_WARN_UNDECLARED_SELECTOR = YES;
				GCC_WARN_UNINITIALIZED_AUTOS = YES_AGGRESSIVE;
				GCC_WARN_UNUSED_FUNCTION = YES;
				GCC_WARN_UNUSED_VARIABLE = YES;
				IPHONEOS_DEPLOYMENT_TARGET = 9.2;
				MTL_ENABLE_DEBUG_INFO = YES;
				ONLY_ACTIVE_ARCH = YES;
				SDKROOT = iphoneos;
				TARGETED_DEVICE_FAMILY = "1,2";
			};
			name = Debug;
		};
		864E74951C436AAF00BF0EE3 /* Release */ = {
			isa = XCBuildConfiguration;
			buildSettings = {
				ALWAYS_SEARCH_USER_PATHS = NO;
				CLANG_CXX_LANGUAGE_STANDARD = "gnu++0x";
				CLANG_CXX_LIBRARY = "libc++";
				CLANG_ENABLE_MODULES = YES;
				CLANG_ENABLE_OBJC_ARC = YES;
				CLANG_WARN_BOOL_CONVERSION = YES;
				CLANG_WARN_CONSTANT_CONVERSION = YES;
				CLANG_WARN_DIRECT_OBJC_ISA_USAGE = YES_ERROR;
				CLANG_WARN_EMPTY_BODY = YES;
				CLANG_WARN_ENUM_CONVERSION = YES;
				CLANG_WARN_INT_CONVERSION = YES;
				CLANG_WARN_OBJC_ROOT_CLASS = YES_ERROR;
				CLANG_WARN_UNREACHABLE_CODE = YES;
				CLANG_WARN__DUPLICATE_METHOD_MATCH = YES;
				"CODE_SIGN_IDENTITY[sdk=iphoneos*]" = "iPhone Developer";
				COPY_PHASE_STRIP = NO;
				DEBUG_INFORMATION_FORMAT = "dwarf-with-dsym";
				ENABLE_NS_ASSERTIONS = NO;
				ENABLE_STRICT_OBJC_MSGSEND = YES;
				GCC_C_LANGUAGE_STANDARD = gnu99;
				GCC_NO_COMMON_BLOCKS = YES;
				GCC_WARN_64_TO_32_BIT_CONVERSION = YES;
				GCC_WARN_ABOUT_RETURN_TYPE = YES_ERROR;
				GCC_WARN_UNDECLARED_SELECTOR = YES;
				GCC_WARN_UNINITIALIZED_AUTOS = YES_AGGRESSIVE;
				GCC_WARN_UNUSED_FUNCTION = YES;
				GCC_WARN_UNUSED_VARIABLE = YES;
				IPHONEOS_DEPLOYMENT_TARGET = 9.2;
				MTL_ENABLE_DEBUG_INFO = NO;
				SDKROOT = iphoneos;
				TARGETED_DEVICE_FAMILY = "1,2";
				VALIDATE_PRODUCT = YES;
			};
			name = Release;
		};
		864E74971C436AAF00BF0EE3 /* Debug */ = {
			isa = XCBuildConfiguration;
			buildSettings = {
				ASSETCATALOG_COMPILER_APPICON_NAME = AppIcon;
				INFOPLIST_FILE = MultiViewsInScrollerView/Info.plist;
				LD_RUNPATH_SEARCH_PATHS = "$(inherited) @executable_path/Frameworks";
				PRODUCT_BUNDLE_IDENTIFIER = com.ritebos.MultiViewsInScrollerView;
				PRODUCT_NAME = MultiViewsInScrollerView;
			};
			name = Debug;
		};
		864E74981C436AAF00BF0EE3 /* Release */ = {
			isa = XCBuildConfiguration;
			buildSettings = {
				ASSETCATALOG_COMPILER_APPICON_NAME = AppIcon;
				INFOPLIST_FILE = MultiViewsInScrollerView/Info.plist;
				LD_RUNPATH_SEARCH_PATHS = "$(inherited) @executable_path/Frameworks";
				PRODUCT_BUNDLE_IDENTIFIER = com.ritebos.MultiViewsInScrollerView;
				PRODUCT_NAME = MultiViewsInScrollerView;
			};
			name = Release;
		};
/* End XCBuildConfiguration section */

/* Begin XCConfigurationList section */
		864E747A1C436AAF00BF0EE3 /* Build configuration list for PBXProject "MultiViewsInScrollerView" */ = {
			isa = XCConfigurationList;
			buildConfigurations = (
				864E74941C436AAF00BF0EE3 /* Debug */,
				864E74951C436AAF00BF0EE3 /* Release */,
			);
			defaultConfigurationIsVisible = 0;
			defaultConfigurationName = Release;
		};
		864E74961C436AAF00BF0EE3 /* Build configuration list for PBXNativeTarget "MultiViewsInScrollerView" */ = {
			isa = XCConfigurationList;
			buildConfigurations = (
				864E74971C436AAF00BF0EE3 /* Debug */,
				864E74981C436AAF00BF0EE3 /* Release */,
			);
			defaultConfigurationIsVisible = 0;
			defaultConfigurationName = Release;
		};
/* End XCConfigurationList section */
	};
	rootObject = 864E74771C436AAF00BF0EE3 /* Project object */;
}
